// !$*UTF8*$!
{
	archiveVersion = 1;
	classes = {
	};
	objectVersion = 50;
	objects = {

/* Begin PBXBuildFile section */
		110C30182213662800A5C038 /* FMI App.xcdatamodeld in Sources */ = {isa = PBXBuildFile; fileRef = 110C30162213662800A5C038 /* FMI App.xcdatamodeld */; };
		11BA0CC822185CA4008B3470 /* sections.json in Resources */ = {isa = PBXBuildFile; fileRef = 11BA0CC722185CA4008B3470 /* sections.json */; };
		745AF3A4221D359F00113399 /* InformationModels.swift in Sources */ = {isa = PBXBuildFile; fileRef = 745AF3A3221D359F00113399 /* InformationModels.swift */; };
		745AF3AB221D3D2700113399 /* Networking.swift in Sources */ = {isa = PBXBuildFile; fileRef = 745AF3AA221D3D2700113399 /* Networking.swift */; };
		745AF3AD221D428300113399 /* Alerts.swift in Sources */ = {isa = PBXBuildFile; fileRef = 745AF3AC221D428300113399 /* Alerts.swift */; };
		748DEA5D21DE96D500AD8E70 /* LoginViewController.swift in Sources */ = {isa = PBXBuildFile; fileRef = 748DEA5C21DE96D500AD8E70 /* LoginViewController.swift */; };
		748DEA5F21DE974F00AD8E70 /* RegisterViewController.swift in Sources */ = {isa = PBXBuildFile; fileRef = 748DEA5E21DE974F00AD8E70 /* RegisterViewController.swift */; };
		748DEA6121DEBDD900AD8E70 /* CourseTypesViewController.swift in Sources */ = {isa = PBXBuildFile; fileRef = 748DEA6021DEBDD900AD8E70 /* CourseTypesViewController.swift */; };
		748DEA6321DEBE8000AD8E70 /* CoursesViewController.swift in Sources */ = {isa = PBXBuildFile; fileRef = 748DEA6221DEBE8000AD8E70 /* CoursesViewController.swift */; };
		748DEA6521DEBECD00AD8E70 /* LecturesViewController.swift in Sources */ = {isa = PBXBuildFile; fileRef = 748DEA6421DEBECD00AD8E70 /* LecturesViewController.swift */; };
		748DEA6721DEBF1700AD8E70 /* SingleLectureViewController.swift in Sources */ = {isa = PBXBuildFile; fileRef = 748DEA6621DEBF1700AD8E70 /* SingleLectureViewController.swift */; };
		748DEA6921DECC5600AD8E70 /* GoogleService-Info.plist in Resources */ = {isa = PBXBuildFile; fileRef = 748DEA6821DECC5600AD8E70 /* GoogleService-Info.plist */; };
		7494C4D3221D7982007AA356 /* CourseViewCell.swift in Sources */ = {isa = PBXBuildFile; fileRef = 7494C4D2221D7982007AA356 /* CourseViewCell.swift */; };
		74B26FC121DA4D5500AAB239 /* AppDelegate.swift in Sources */ = {isa = PBXBuildFile; fileRef = 74B26FC021DA4D5500AAB239 /* AppDelegate.swift */; };
		74B26FC621DA4D5500AAB239 /* Main.storyboard in Resources */ = {isa = PBXBuildFile; fileRef = 74B26FC421DA4D5500AAB239 /* Main.storyboard */; };
		74B26FC821DA4D5800AAB239 /* Assets.xcassets in Resources */ = {isa = PBXBuildFile; fileRef = 74B26FC721DA4D5800AAB239 /* Assets.xcassets */; };
		74B26FCB21DA4D5800AAB239 /* LaunchScreen.storyboard in Resources */ = {isa = PBXBuildFile; fileRef = 74B26FC921DA4D5800AAB239 /* LaunchScreen.storyboard */; };
		8FE4A1BB6B4D6F6D5FC0DA1C /* Pods_FMI_App.framework in Frameworks */ = {isa = PBXBuildFile; fileRef = C472587697527769EB90EB92 /* Pods_FMI_App.framework */; };
		F24D237721DD19AB007FA27D /* Media.xcassets in Resources */ = {isa = PBXBuildFile; fileRef = F24D237621DD19AB007FA27D /* Media.xcassets */; };
		F2DF930321F1F44A00B5329E /* CoursesTypeViewCell.swift in Sources */ = {isa = PBXBuildFile; fileRef = F2DF930221F1F44A00B5329E /* CoursesTypeViewCell.swift */; };
/* End PBXBuildFile section */

/* Begin PBXFileReference section */
		110C30172213662800A5C038 /* FMI App.xcdatamodel */ = {isa = PBXFileReference; lastKnownFileType = wrapper.xcdatamodel; path = "FMI App.xcdatamodel"; sourceTree = "<group>"; };
		110C3019221366DC00A5C038 /* User+CoreDataClass.swift */ = {isa = PBXFileReference; lastKnownFileType = sourcecode.swift; path = "User+CoreDataClass.swift"; sourceTree = "<group>"; };
		110C301A221366DC00A5C038 /* User+CoreDataProperties.swift */ = {isa = PBXFileReference; lastKnownFileType = sourcecode.swift; path = "User+CoreDataProperties.swift"; sourceTree = "<group>"; };
		11BA0CC722185CA4008B3470 /* sections.json */ = {isa = PBXFileReference; lastKnownFileType = text.json; path = sections.json; sourceTree = "<group>"; };
		42EDF3BB8EE11EE533C8FBDD /* Pods-FMI App.release.xcconfig */ = {isa = PBXFileReference; includeInIndex = 1; lastKnownFileType = text.xcconfig; name = "Pods-FMI App.release.xcconfig"; path = "Pods/Target Support Files/Pods-FMI App/Pods-FMI App.release.xcconfig"; sourceTree = "<group>"; };
		745AF3A3221D359F00113399 /* InformationModels.swift */ = {isa = PBXFileReference; lastKnownFileType = sourcecode.swift; path = InformationModels.swift; sourceTree = "<group>"; };
		745AF3AA221D3D2700113399 /* Networking.swift */ = {isa = PBXFileReference; lastKnownFileType = sourcecode.swift; path = Networking.swift; sourceTree = "<group>"; };
		745AF3AC221D428300113399 /* Alerts.swift */ = {isa = PBXFileReference; lastKnownFileType = sourcecode.swift; path = Alerts.swift; sourceTree = "<group>"; };
		748DEA5C21DE96D500AD8E70 /* LoginViewController.swift */ = {isa = PBXFileReference; lastKnownFileType = sourcecode.swift; path = LoginViewController.swift; sourceTree = "<group>"; };
		748DEA5E21DE974F00AD8E70 /* RegisterViewController.swift */ = {isa = PBXFileReference; lastKnownFileType = sourcecode.swift; path = RegisterViewController.swift; sourceTree = "<group>"; };
		748DEA6021DEBDD900AD8E70 /* CourseTypesViewController.swift */ = {isa = PBXFileReference; lastKnownFileType = sourcecode.swift; path = CourseTypesViewController.swift; sourceTree = "<group>"; };
		748DEA6221DEBE8000AD8E70 /* CoursesViewController.swift */ = {isa = PBXFileReference; lastKnownFileType = sourcecode.swift; path = CoursesViewController.swift; sourceTree = "<group>"; };
		748DEA6421DEBECD00AD8E70 /* LecturesViewController.swift */ = {isa = PBXFileReference; lastKnownFileType = sourcecode.swift; path = LecturesViewController.swift; sourceTree = "<group>"; };
		748DEA6621DEBF1700AD8E70 /* SingleLectureViewController.swift */ = {isa = PBXFileReference; lastKnownFileType = sourcecode.swift; path = SingleLectureViewController.swift; sourceTree = "<group>"; };
		748DEA6821DECC5600AD8E70 /* GoogleService-Info.plist */ = {isa = PBXFileReference; fileEncoding = 4; lastKnownFileType = text.plist.xml; name = "GoogleService-Info.plist"; path = "../../../../Downloads/GoogleService-Info.plist"; sourceTree = "<group>"; };
		7494C4D2221D7982007AA356 /* CourseViewCell.swift */ = {isa = PBXFileReference; lastKnownFileType = sourcecode.swift; path = CourseViewCell.swift; sourceTree = "<group>"; };
		74B26FBD21DA4D5500AAB239 /* FMI App.app */ = {isa = PBXFileReference; explicitFileType = wrapper.application; includeInIndex = 0; path = "FMI App.app"; sourceTree = BUILT_PRODUCTS_DIR; };
		74B26FC021DA4D5500AAB239 /* AppDelegate.swift */ = {isa = PBXFileReference; lastKnownFileType = sourcecode.swift; path = AppDelegate.swift; sourceTree = "<group>"; };
		74B26FC521DA4D5500AAB239 /* Base */ = {isa = PBXFileReference; lastKnownFileType = file.storyboard; name = Base; path = Base.lproj/Main.storyboard; sourceTree = "<group>"; };
		74B26FC721DA4D5800AAB239 /* Assets.xcassets */ = {isa = PBXFileReference; lastKnownFileType = folder.assetcatalog; path = Assets.xcassets; sourceTree = "<group>"; };
		74B26FCA21DA4D5800AAB239 /* Base */ = {isa = PBXFileReference; lastKnownFileType = file.storyboard; name = Base; path = Base.lproj/LaunchScreen.storyboard; sourceTree = "<group>"; };
		74B26FCC21DA4D5800AAB239 /* Info.plist */ = {isa = PBXFileReference; lastKnownFileType = text.plist.xml; path = Info.plist; sourceTree = "<group>"; };
		C472587697527769EB90EB92 /* Pods_FMI_App.framework */ = {isa = PBXFileReference; explicitFileType = wrapper.framework; includeInIndex = 0; path = Pods_FMI_App.framework; sourceTree = BUILT_PRODUCTS_DIR; };
		D97A14F7001F40C072C99AE0 /* Pods-FMI App.debug.xcconfig */ = {isa = PBXFileReference; includeInIndex = 1; lastKnownFileType = text.xcconfig; name = "Pods-FMI App.debug.xcconfig"; path = "Pods/Target Support Files/Pods-FMI App/Pods-FMI App.debug.xcconfig"; sourceTree = "<group>"; };
		F24D237621DD19AB007FA27D /* Media.xcassets */ = {isa = PBXFileReference; lastKnownFileType = folder.assetcatalog; path = Media.xcassets; sourceTree = "<group>"; };
		F2DF930221F1F44A00B5329E /* CoursesTypeViewCell.swift */ = {isa = PBXFileReference; lastKnownFileType = sourcecode.swift; path = CoursesTypeViewCell.swift; sourceTree = "<group>"; };
/* End PBXFileReference section */

/* Begin PBXFrameworksBuildPhase section */
		74B26FBA21DA4D5500AAB239 /* Frameworks */ = {
			isa = PBXFrameworksBuildPhase;
			buildActionMask = 2147483647;
			files = (
				8FE4A1BB6B4D6F6D5FC0DA1C /* Pods_FMI_App.framework in Frameworks */,
			);
			runOnlyForDeploymentPostprocessing = 0;
		};
/* End PBXFrameworksBuildPhase section */

/* Begin PBXGroup section */
		0E78817A6F4C2D076EE65946 /* Frameworks */ = {
			isa = PBXGroup;
			children = (
				C472587697527769EB90EB92 /* Pods_FMI_App.framework */,
			);
			name = Frameworks;
			sourceTree = "<group>";
		};
		11BA0CC422185465008B3470 /* Models */ = {
			isa = PBXGroup;
			children = (
				745AF3A3221D359F00113399 /* InformationModels.swift */,
				745AF3AA221D3D2700113399 /* Networking.swift */,
			);
			path = Models;
			sourceTree = "<group>";
		};
		11BA0CC522185484008B3470 /* ViewControllers */ = {
			isa = PBXGroup;
			children = (
				748DEA6021DEBDD900AD8E70 /* CourseTypesViewController.swift */,
				748DEA5C21DE96D500AD8E70 /* LoginViewController.swift */,
				748DEA5E21DE974F00AD8E70 /* RegisterViewController.swift */,
				748DEA6221DEBE8000AD8E70 /* CoursesViewController.swift */,
				748DEA6421DEBECD00AD8E70 /* LecturesViewController.swift */,
				748DEA6621DEBF1700AD8E70 /* SingleLectureViewController.swift */,
				745AF3AC221D428300113399 /* Alerts.swift */,
			);
			path = ViewControllers;
			sourceTree = "<group>";
		};
		11BA0CC622185C79008B3470 /* JSONs */ = {
			isa = PBXGroup;
			children = (
				11BA0CC722185CA4008B3470 /* sections.json */,
			);
			path = JSONs;
			sourceTree = "<group>";
		};
		7494C4D1221D7955007AA356 /* CellViews */ = {
			isa = PBXGroup;
			children = (
				F2DF930221F1F44A00B5329E /* CoursesTypeViewCell.swift */,
				7494C4D2221D7982007AA356 /* CourseViewCell.swift */,
			);
			path = CellViews;
			sourceTree = "<group>";
		};
		74B26FB421DA4D5500AAB239 = {
			isa = PBXGroup;
			children = (
				F24D237621DD19AB007FA27D /* Media.xcassets */,
				74B26FBF21DA4D5500AAB239 /* FMI App */,
				74B26FBE21DA4D5500AAB239 /* Products */,
				7C8D917876CADB87C07E6C86 /* Pods */,
				0E78817A6F4C2D076EE65946 /* Frameworks */,
			);
			sourceTree = "<group>";
		};
		74B26FBE21DA4D5500AAB239 /* Products */ = {
			isa = PBXGroup;
			children = (
				74B26FBD21DA4D5500AAB239 /* FMI App.app */,
			);
			name = Products;
			sourceTree = "<group>";
		};
		74B26FBF21DA4D5500AAB239 /* FMI App */ = {
			isa = PBXGroup;
			children = (
				110C3019221366DC00A5C038 /* User+CoreDataClass.swift */,
				110C301A221366DC00A5C038 /* User+CoreDataProperties.swift */,
				74B26FC721DA4D5800AAB239 /* Assets.xcassets */,
				74B26FC021DA4D5500AAB239 /* AppDelegate.swift */,
				7494C4D1221D7955007AA356 /* CellViews */,
				11BA0CC522185484008B3470 /* ViewControllers */,
				74B26FC421DA4D5500AAB239 /* Main.storyboard */,
				74B26FC921DA4D5800AAB239 /* LaunchScreen.storyboard */,
				11BA0CC422185465008B3470 /* Models */,
				11BA0CC622185C79008B3470 /* JSONs */,
				74B26FCC21DA4D5800AAB239 /* Info.plist */,
				748DEA6821DECC5600AD8E70 /* GoogleService-Info.plist */,
				110C30162213662800A5C038 /* FMI App.xcdatamodeld */,
			);
			path = "FMI App";
			sourceTree = "<group>";
		};
		7C8D917876CADB87C07E6C86 /* Pods */ = {
			isa = PBXGroup;
			children = (
				D97A14F7001F40C072C99AE0 /* Pods-FMI App.debug.xcconfig */,
				42EDF3BB8EE11EE533C8FBDD /* Pods-FMI App.release.xcconfig */,
			);
			name = Pods;
			sourceTree = "<group>";
		};
/* End PBXGroup section */

/* Begin PBXNativeTarget section */
		74B26FBC21DA4D5500AAB239 /* FMI App */ = {
			isa = PBXNativeTarget;
			buildConfigurationList = 74B26FCF21DA4D5800AAB239 /* Build configuration list for PBXNativeTarget "FMI App" */;
			buildPhases = (
				2ADF32C762C51753BDDBA7E3 /* [CP] Check Pods Manifest.lock */,
				74B26FB921DA4D5500AAB239 /* Sources */,
				74B26FBA21DA4D5500AAB239 /* Frameworks */,
				74B26FBB21DA4D5500AAB239 /* Resources */,
				FEF9F30EFAD4D739054298A9 /* [CP] Embed Pods Frameworks */,
			);
			buildRules = (
			);
			dependencies = (
			);
			name = "FMI App";
			productName = "FMI App";
			productReference = 74B26FBD21DA4D5500AAB239 /* FMI App.app */;
			productType = "com.apple.product-type.application";
		};
/* End PBXNativeTarget section */

/* Begin PBXProject section */
		74B26FB521DA4D5500AAB239 /* Project object */ = {
			isa = PBXProject;
			attributes = {
				LastSwiftUpdateCheck = 1010;
				LastUpgradeCheck = 1010;
				ORGANIZATIONNAME = "fmi-swift";
				TargetAttributes = {
					74B26FBC21DA4D5500AAB239 = {
						CreatedOnToolsVersion = 10.1;
					};
				};
			};
			buildConfigurationList = 74B26FB821DA4D5500AAB239 /* Build configuration list for PBXProject "FMI App" */;
			compatibilityVersion = "Xcode 9.3";
			developmentRegion = en;
			hasScannedForEncodings = 0;
			knownRegions = (
				en,
				Base,
			);
			mainGroup = 74B26FB421DA4D5500AAB239;
			productRefGroup = 74B26FBE21DA4D5500AAB239 /* Products */;
			projectDirPath = "";
			projectRoot = "";
			targets = (
				74B26FBC21DA4D5500AAB239 /* FMI App */,
			);
		};
/* End PBXProject section */

/* Begin PBXResourcesBuildPhase section */
		74B26FBB21DA4D5500AAB239 /* Resources */ = {
			isa = PBXResourcesBuildPhase;
			buildActionMask = 2147483647;
			files = (
				74B26FCB21DA4D5800AAB239 /* LaunchScreen.storyboard in Resources */,
				74B26FC821DA4D5800AAB239 /* Assets.xcassets in Resources */,
				748DEA6921DECC5600AD8E70 /* GoogleService-Info.plist in Resources */,
				F24D237721DD19AB007FA27D /* Media.xcassets in Resources */,
				74B26FC621DA4D5500AAB239 /* Main.storyboard in Resources */,
				11BA0CC822185CA4008B3470 /* sections.json in Resources */,
			);
			runOnlyForDeploymentPostprocessing = 0;
		};
/* End PBXResourcesBuildPhase section */

/* Begin PBXShellScriptBuildPhase section */
		2ADF32C762C51753BDDBA7E3 /* [CP] Check Pods Manifest.lock */ = {
			isa = PBXShellScriptBuildPhase;
			buildActionMask = 2147483647;
			files = (
			);
			inputFileListPaths = (
			);
			inputPaths = (
				"${PODS_PODFILE_DIR_PATH}/Podfile.lock",
				"${PODS_ROOT}/Manifest.lock",
			);
			name = "[CP] Check Pods Manifest.lock";
			outputFileListPaths = (
			);
			outputPaths = (
				"$(DERIVED_FILE_DIR)/Pods-FMI App-checkManifestLockResult.txt",
			);
			runOnlyForDeploymentPostprocessing = 0;
			shellPath = /bin/sh;
			shellScript = "diff \"${PODS_PODFILE_DIR_PATH}/Podfile.lock\" \"${PODS_ROOT}/Manifest.lock\" > /dev/null\nif [ $? != 0 ] ; then\n    # print error to STDERR\n    echo \"error: The sandbox is not in sync with the Podfile.lock. Run 'pod install' or update your CocoaPods installation.\" >&2\n    exit 1\nfi\n# This output is used by Xcode 'outputs' to avoid re-running this script phase.\necho \"SUCCESS\" > \"${SCRIPT_OUTPUT_FILE_0}\"\n";
			showEnvVarsInLog = 0;
		};
		FEF9F30EFAD4D739054298A9 /* [CP] Embed Pods Frameworks */ = {
			isa = PBXShellScriptBuildPhase;
			buildActionMask = 2147483647;
			files = (
			);
			inputFileListPaths = (
			);
			inputPaths = (
				"${SRCROOT}/Pods/Target Support Files/Pods-FMI App/Pods-FMI App-frameworks.sh",
				"${BUILT_PRODUCTS_DIR}/GTMSessionFetcher/GTMSessionFetcher.framework",
				"${BUILT_PRODUCTS_DIR}/GoogleUtilities/GoogleUtilities.framework",
				"${BUILT_PRODUCTS_DIR}/nanopb/nanopb.framework",
			);
			name = "[CP] Embed Pods Frameworks";
			outputFileListPaths = (
			);
			outputPaths = (
				"${TARGET_BUILD_DIR}/${FRAMEWORKS_FOLDER_PATH}/GTMSessionFetcher.framework",
				"${TARGET_BUILD_DIR}/${FRAMEWORKS_FOLDER_PATH}/GoogleUtilities.framework",
				"${TARGET_BUILD_DIR}/${FRAMEWORKS_FOLDER_PATH}/nanopb.framework",
			);
			runOnlyForDeploymentPostprocessing = 0;
			shellPath = /bin/sh;
			shellScript = "\"${SRCROOT}/Pods/Target Support Files/Pods-FMI App/Pods-FMI App-frameworks.sh\"\n";
			showEnvVarsInLog = 0;
		};
/* End PBXShellScriptBuildPhase section */

/* Begin PBXSourcesBuildPhase section */
		74B26FB921DA4D5500AAB239 /* Sources */ = {
			isa = PBXSourcesBuildPhase;
			buildActionMask = 2147483647;
			files = (
				748DEA6721DEBF1700AD8E70 /* SingleLectureViewController.swift in Sources */,
				748DEA5F21DE974F00AD8E70 /* RegisterViewController.swift in Sources */,
				748DEA6521DEBECD00AD8E70 /* LecturesViewController.swift in Sources */,
				745AF3AB221D3D2700113399 /* Networking.swift in Sources */,
				745AF3A4221D359F00113399 /* InformationModels.swift in Sources */,
				748DEA5D21DE96D500AD8E70 /* LoginViewController.swift in Sources */,
				74B26FC121DA4D5500AAB239 /* AppDelegate.swift in Sources */,
				F2DF930321F1F44A00B5329E /* CoursesTypeViewCell.swift in Sources */,
				745AF3AD221D428300113399 /* Alerts.swift in Sources */,
				7494C4D3221D7982007AA356 /* CourseViewCell.swift in Sources */,
				748DEA6121DEBDD900AD8E70 /* CourseTypesViewController.swift in Sources */,
				110C30182213662800A5C038 /* FMI App.xcdatamodeld in Sources */,
				748DEA6321DEBE8000AD8E70 /* CoursesViewController.swift in Sources */,
			);
			runOnlyForDeploymentPostprocessing = 0;
		};
/* End PBXSourcesBuildPhase section */

/* Begin PBXVariantGroup section */
		74B26FC421DA4D5500AAB239 /* Main.storyboard */ = {
			isa = PBXVariantGroup;
			children = (
				74B26FC521DA4D5500AAB239 /* Base */,
			);
			name = Main.storyboard;
			sourceTree = "<group>";
		};
		74B26FC921DA4D5800AAB239 /* LaunchScreen.storyboard */ = {
			isa = PBXVariantGroup;
			children = (
				74B26FCA21DA4D5800AAB239 /* Base */,
			);
			name = LaunchScreen.storyboard;
			sourceTree = "<group>";
		};
/* End PBXVariantGroup section */

/* Begin XCBuildConfiguration section */
		74B26FCD21DA4D5800AAB239 /* Debug */ = {
			isa = XCBuildConfiguration;
			buildSettings = {
				ALWAYS_SEARCH_USER_PATHS = NO;
				CLANG_ANALYZER_NONNULL = YES;
				CLANG_ANALYZER_NUMBER_OBJECT_CONVERSION = YES_AGGRESSIVE;
				CLANG_CXX_LANGUAGE_STANDARD = "gnu++14";
				CLANG_CXX_LIBRARY = "libc++";
				CLANG_ENABLE_MODULES = YES;
				CLANG_ENABLE_OBJC_ARC = YES;
				CLANG_ENABLE_OBJC_WEAK = YES;
				CLANG_WARN_BLOCK_CAPTURE_AUTORELEASING = YES;
				CLANG_WARN_BOOL_CONVERSION = YES;
				CLANG_WARN_COMMA = YES;
				CLANG_WARN_CONSTANT_CONVERSION = YES;
				CLANG_WARN_DEPRECATED_OBJC_IMPLEMENTATIONS = YES;
				CLANG_WARN_DIRECT_OBJC_ISA_USAGE = YES_ERROR;
				CLANG_WARN_DOCUMENTATION_COMMENTS = YES;
				CLANG_WARN_EMPTY_BODY = YES;
				CLANG_WARN_ENUM_CONVERSION = YES;
				CLANG_WARN_INFINITE_RECURSION = YES;
				CLANG_WARN_INT_CONVERSION = YES;
				CLANG_WARN_NON_LITERAL_NULL_CONVERSION = YES;
				CLANG_WARN_OBJC_IMPLICIT_RETAIN_SELF = YES;
				CLANG_WARN_OBJC_LITERAL_CONVERSION = YES;
				CLANG_WARN_OBJC_ROOT_CLASS = YES_ERROR;
				CLANG_WARN_RANGE_LOOP_ANALYSIS = YES;
				CLANG_WARN_STRICT_PROTOTYPES = YES;
				CLANG_WARN_SUSPICIOUS_MOVE = YES;
				CLANG_WARN_UNGUARDED_AVAILABILITY = YES_AGGRESSIVE;
				CLANG_WARN_UNREACHABLE_CODE = YES;
				CLANG_WARN__DUPLICATE_METHOD_MATCH = YES;
				CODE_SIGN_IDENTITY = "iPhone Developer";
				COPY_PHASE_STRIP = NO;
				DEBUG_INFORMATION_FORMAT = dwarf;
				ENABLE_STRICT_OBJC_MSGSEND = YES;
				ENABLE_TESTABILITY = YES;
				GCC_C_LANGUAGE_STANDARD = gnu11;
				GCC_DYNAMIC_NO_PIC = NO;
				GCC_NO_COMMON_BLOCKS = YES;
				GCC_OPTIMIZATION_LEVEL = 0;
				GCC_PREPROCESSOR_DEFINITIONS = (
					"DEBUG=1",
					"$(inherited)",
				);
				GCC_WARN_64_TO_32_BIT_CONVERSION = YES;
				GCC_WARN_ABOUT_RETURN_TYPE = YES_ERROR;
				GCC_WARN_UNDECLARED_SELECTOR = YES;
				GCC_WARN_UNINITIALIZED_AUTOS = YES_AGGRESSIVE;
				GCC_WARN_UNUSED_FUNCTION = YES;
				GCC_WARN_UNUSED_VARIABLE = YES;
				IPHONEOS_DEPLOYMENT_TARGET = 12.1;
				MTL_ENABLE_DEBUG_INFO = INCLUDE_SOURCE;
				MTL_FAST_MATH = YES;
				ONLY_ACTIVE_ARCH = YES;
				SDKROOT = iphoneos;
				SWIFT_ACTIVE_COMPILATION_CONDITIONS = DEBUG;
				SWIFT_OPTIMIZATION_LEVEL = "-Onone";
			};
			name = Debug;
		};
		74B26FCE21DA4D5800AAB239 /* Release */ = {
			isa = XCBuildConfiguration;
			buildSettings = {
				ALWAYS_SEARCH_USER_PATHS = NO;
				CLANG_ANALYZER_NONNULL = YES;
				CLANG_ANALYZER_NUMBER_OBJECT_CONVERSION = YES_AGGRESSIVE;
				CLANG_CXX_LANGUAGE_STANDARD = "gnu++14";
				CLANG_CXX_LIBRARY = "libc++";
				CLANG_ENABLE_MODULES = YES;
				CLANG_ENABLE_OBJC_ARC = YES;
				CLANG_ENABLE_OBJC_WEAK = YES;
				CLANG_WARN_BLOCK_CAPTURE_AUTORELEASING = YES;
				CLANG_WARN_BOOL_CONVERSION = YES;
				CLANG_WARN_COMMA = YES;
				CLANG_WARN_CONSTANT_CONVERSION = YES;
				CLANG_WARN_DEPRECATED_OBJC_IMPLEMENTATIONS = YES;
				CLANG_WARN_DIRECT_OBJC_ISA_USAGE = YES_ERROR;
				CLANG_WARN_DOCUMENTATION_COMMENTS = YES;
				CLANG_WARN_EMPTY_BODY = YES;
				CLANG_WARN_ENUM_CONVERSION = YES;
				CLANG_WARN_INFINITE_RECURSION = YES;
				CLANG_WARN_INT_CONVERSION = YES;
				CLANG_WARN_NON_LITERAL_NULL_CONVERSION = YES;
				CLANG_WARN_OBJC_IMPLICIT_RETAIN_SELF = YES;
				CLANG_WARN_OBJC_LITERAL_CONVERSION = YES;
				CLANG_WARN_OBJC_ROOT_CLASS = YES_ERROR;
				CLANG_WARN_RANGE_LOOP_ANALYSIS = YES;
				CLANG_WARN_STRICT_PROTOTYPES = YES;
				CLANG_WARN_SUSPICIOUS_MOVE = YES;
				CLANG_WARN_UNGUARDED_AVAILABILITY = YES_AGGRESSIVE;
				CLANG_WARN_UNREACHABLE_CODE = YES;
				CLANG_WARN__DUPLICATE_METHOD_MATCH = YES;
				CODE_SIGN_IDENTITY = "iPhone Developer";
				COPY_PHASE_STRIP = NO;
				DEBUG_INFORMATION_FORMAT = "dwarf-with-dsym";
				ENABLE_NS_ASSERTIONS = NO;
				ENABLE_STRICT_OBJC_MSGSEND = YES;
				GCC_C_LANGUAGE_STANDARD = gnu11;
				GCC_NO_COMMON_BLOCKS = YES;
				GCC_WARN_64_TO_32_BIT_CONVERSION = YES;
				GCC_WARN_ABOUT_RETURN_TYPE = YES_ERROR;
				GCC_WARN_UNDECLARED_SELECTOR = YES;
				GCC_WARN_UNINITIALIZED_AUTOS = YES_AGGRESSIVE;
				GCC_WARN_UNUSED_FUNCTION = YES;
				GCC_WARN_UNUSED_VARIABLE = YES;
				IPHONEOS_DEPLOYMENT_TARGET = 12.1;
				MTL_ENABLE_DEBUG_INFO = NO;
				MTL_FAST_MATH = YES;
				SDKROOT = iphoneos;
				SWIFT_COMPILATION_MODE = wholemodule;
				SWIFT_OPTIMIZATION_LEVEL = "-O";
				VALIDATE_PRODUCT = YES;
			};
			name = Release;
		};
		74B26FD021DA4D5800AAB239 /* Debug */ = {
			isa = XCBuildConfiguration;
			baseConfigurationReference = D97A14F7001F40C072C99AE0 /* Pods-FMI App.debug.xcconfig */;
			buildSettings = {
				ASSETCATALOG_COMPILER_APPICON_NAME = AppIcon;
				CODE_SIGN_STYLE = Automatic;
				DEVELOPMENT_TEAM = 2L24TQ8W95;
				INFOPLIST_FILE = "FMI App/Info.plist";
				IPHONEOS_DEPLOYMENT_TARGET = 10;
				LD_RUNPATH_SEARCH_PATHS = (
					"$(inherited)",
					"@executable_path/Frameworks",
				);
				PRODUCT_BUNDLE_IDENTIFIER = "com.fmi.swift.FMI-App";
				PRODUCT_NAME = "$(TARGET_NAME)";
				SWIFT_VERSION = 4.2;
				TARGETED_DEVICE_FAMILY = "1,2";
			};
			name = Debug;
		};
		74B26FD121DA4D5800AAB239 /* Release */ = {
			isa = XCBuildConfiguration;
			baseConfigurationReference = 42EDF3BB8EE11EE533C8FBDD /* Pods-FMI App.release.xcconfig */;
			buildSettings = {
				ASSETCATALOG_COMPILER_APPICON_NAME = AppIcon;
				CODE_SIGN_STYLE = Automatic;
				DEVELOPMENT_TEAM = 2L24TQ8W95;
				INFOPLIST_FILE = "FMI App/Info.plist";
				IPHONEOS_DEPLOYMENT_TARGET = 10;
				LD_RUNPATH_SEARCH_PATHS = (
					"$(inherited)",
					"@executable_path/Frameworks",
				);
				PRODUCT_BUNDLE_IDENTIFIER = "com.fmi.swift.FMI-App";
				PRODUCT_NAME = "$(TARGET_NAME)";
				SWIFT_VERSION = 4.2;
				TARGETED_DEVICE_FAMILY = "1,2";
			};
			name = Release;
		};
/* End XCBuildConfiguration section */

/* Begin XCConfigurationList section */
		74B26FB821DA4D5500AAB239 /* Build configuration list for PBXProject "FMI App" */ = {
			isa = XCConfigurationList;
			buildConfigurations = (
				74B26FCD21DA4D5800AAB239 /* Debug */,
				74B26FCE21DA4D5800AAB239 /* Release */,
			);
			defaultConfigurationIsVisible = 0;
			defaultConfigurationName = Release;
		};
		74B26FCF21DA4D5800AAB239 /* Build configuration list for PBXNativeTarget "FMI App" */ = {
			isa = XCConfigurationList;
			buildConfigurations = (
				74B26FD021DA4D5800AAB239 /* Debug */,
				74B26FD121DA4D5800AAB239 /* Release */,
			);
			defaultConfigurationIsVisible = 0;
			defaultConfigurationName = Release;
		};
/* End XCConfigurationList section */

/* Begin XCVersionGroup section */
		110C30162213662800A5C038 /* FMI App.xcdatamodeld */ = {
			isa = XCVersionGroup;
			children = (
				110C30172213662800A5C038 /* FMI App.xcdatamodel */,
			);
			currentVersion = 110C30172213662800A5C038 /* FMI App.xcdatamodel */;
			path = "FMI App.xcdatamodeld";
			sourceTree = "<group>";
			versionGroupType = wrapper.xcdatamodel;
		};
/* End XCVersionGroup section */
	};
	rootObject = 74B26FB521DA4D5500AAB239 /* Project object */;
}
